
Microsoft Visual Studio Solution File, Format Version 12.00
# Visual Studio Version 17
VisualStudioVersion = 17.1.32421.90
MinimumVisualStudioVersion = 10.0.40219.1
Project("{9A19103F-16F7-4668-BE54-9A1E7A4F7556}") = "BlazorApp.WASM.Server", "BlazorApp.WASM\Server\BlazorApp.WASM.Server.csproj", "{3BB395C7-7830-4D62-8B66-046D134D6D5B}"
EndProject
Project("{9A19103F-16F7-4668-BE54-9A1E7A4F7556}") = "BlazorApp.WASM.Client", "BlazorApp.WASM\Client\BlazorApp.WASM.Client.csproj", "{C30B5929-A58D-4697-87D5-4B4B93E429FB}"
EndProject
Project("{9A19103F-16F7-4668-BE54-9A1E7A4F7556}") = "BlazorApp.WASM.Shared", "BlazorApp.WASM\Shared\BlazorApp.WASM.Shared.csproj", "{3267329E-CBFB-412F-A68D-2DD3F52FB72B}"
EndProject
Global
	GlobalSection(SolutionConfigurationPlatforms) = preSolution
		Debug|Any CPU = Debug|Any CPU
		Release|Any CPU = Release|Any CPU
	EndGlobalSection
	GlobalSection(ProjectConfigurationPlatforms) = postSolution
		{3BB395C7-7830-4D62-8B66-046D134D6D5B}.Debug|Any CPU.ActiveCfg = Debug|Any CPU
		{3BB395C7-7830-4D62-8B66-046D134D6D5B}.Debug|Any CPU.Build.0 = Debug|Any CPU
		{3BB395C7-7830-4D62-8B66-046D134D6D5B}.Release|Any CPU.ActiveCfg = Release|Any CPU
		{3BB395C7-7830-4D62-8B66-046D134D6D5B}.Release|Any CPU.Build.0 = Release|Any CPU
		{C30B5929-A58D-4697-87D5-4B4B93E429FB}.Debug|Any CPU.ActiveCfg = Debug|Any CPU
		{C30B5929-A58D-4697-87D5-4B4B93E429FB}.Debug|Any CPU.Build.0 = Debug|Any CPU
		{C30B5929-A58D-4697-87D5-4B4B93E429FB}.Release|Any CPU.ActiveCfg = Release|Any CPU
		{C30B5929-A58D-4697-87D5-4B4B93E429FB}.Release|Any CPU.Build.0 = Release|Any CPU
		{3267329E-CBFB-412F-A68D-2DD3F52FB72B}.Debug|Any CPU.ActiveCfg = Debug|Any CPU
		{3267329E-CBFB-412F-A68D-2DD3F52FB72B}.Debug|Any CPU.Build.0 = Debug|Any CPU
		{3267329E-CBFB-412F-A68D-2DD3F52FB72B}.Release|Any CPU.ActiveCfg = Release|Any CPU
		{3267329E-CBFB-412F-A68D-2DD3F52FB72B}.Release|Any CPU.Build.0 = Release|Any CPU
	EndGlobalSection
	GlobalSection(SolutionProperties) = preSolution
		HideSolutionNode = FALSE
	EndGlobalSection
	GlobalSection(ExtensibilityGlobals) = postSolution
		SolutionGuid = {EC4FBE87-5930-45DB-BCB6-2CC629CE79B3}
	EndGlobalSection
EndGlobal
